
Microsoft Visual Studio Solution File, Format Version 12.00
# Visual Studio 15
VisualStudioVersion = 15.0.28010.2019
MinimumVisualStudioVersion = 10.0.40219.1
Project("{9A19103F-16F7-4668-BE54-9A1E7A4F7556}") = "Lesson01", "Lesson-01\Lesson01.csproj", "{C5DB0F0D-6A6E-4096-87AE-B6B6609E826B}"
EndProject
Project("{9A19103F-16F7-4668-BE54-9A1E7A4F7556}") = "Lesson02", "Lesson-02\Lesson02.csproj", "{2F25CB33-6726-4666-83E9-E79ECB59A156}"
EndProject
Project("{9A19103F-16F7-4668-BE54-9A1E7A4F7556}") = "Lesson03", "Lesson-03\Lesson03.csproj", "{70A4158B-17C4-4546-BDAA-38CAF35582D5}"
EndProject
Project("{9A19103F-16F7-4668-BE54-9A1E7A4F7556}") = "Lesson04", "Lesson-04\Lesson04.csproj", "{71456354-CAB9-4310-B999-DE4A678C07F4}"
EndProject
Project("{9A19103F-16F7-4668-BE54-9A1E7A4F7556}") = "Lesson05", "Lesson-05\Lesson05.csproj", "{7837A691-BC1A-421D-B0D8-E4B8A4157B6D}"
EndProject
Project("{9A19103F-16F7-4668-BE54-9A1E7A4F7556}") = "Lesson06", "Lesson-06\Lesson06.csproj", "{77599DFE-58F2-4FA0-B4AE-CE9BE3207A65}"
EndProject
Project("{9A19103F-16F7-4668-BE54-9A1E7A4F7556}") = "Lesson07", "Lesson-07\Lesson07.csproj", "{2BB26412-EF57-49B3-92EF-3B3CC95E8DF2}"
EndProject
Project("{9A19103F-16F7-4668-BE54-9A1E7A4F7556}") = "Lesson08", "Lesson-08\Lesson08.csproj", "{A59A66CE-3943-44E6-A14B-7B2FAF8E29BA}"
EndProject
Project("{9A19103F-16F7-4668-BE54-9A1E7A4F7556}") = "Lesson09", "Lesson-09\Lesson09.csproj", "{3B0FFE00-8C82-4A33-8E48-2A1A8AA1E571}"
EndProject
Project("{9A19103F-16F7-4668-BE54-9A1E7A4F7556}") = "Lesson10", "Lesson-10\Lesson10.csproj", "{FBB53539-27FE-462F-BAE5-233E6A554672}"
EndProject
Project("{9A19103F-16F7-4668-BE54-9A1E7A4F7556}") = "Lesson11", "Lesson-11\Lesson11.csproj", "{7DA009C1-0559-4384-A9F9-2DBDF227F49A}"
EndProject
Project("{9A19103F-16F7-4668-BE54-9A1E7A4F7556}") = "Lesson12", "Lesson-12\Lesson12.csproj", "{58B35F21-3229-41AD-95D5-E5B25399E092}"
EndProject
Global
	GlobalSection(SolutionConfigurationPlatforms) = preSolution
		Debug|Any CPU = Debug|Any CPU
		Release|Any CPU = Release|Any CPU
	EndGlobalSection
	GlobalSection(ProjectConfigurationPlatforms) = postSolution
		{C5DB0F0D-6A6E-4096-87AE-B6B6609E826B}.Debug|Any CPU.ActiveCfg = Debug|Any CPU
		{C5DB0F0D-6A6E-4096-87AE-B6B6609E826B}.Debug|Any CPU.Build.0 = Debug|Any CPU
		{C5DB0F0D-6A6E-4096-87AE-B6B6609E826B}.Release|Any CPU.ActiveCfg = Release|Any CPU
		{C5DB0F0D-6A6E-4096-87AE-B6B6609E826B}.Release|Any CPU.Build.0 = Release|Any CPU
		{2F25CB33-6726-4666-83E9-E79ECB59A156}.Debug|Any CPU.ActiveCfg = Debug|Any CPU
		{2F25CB33-6726-4666-83E9-E79ECB59A156}.Debug|Any CPU.Build.0 = Debug|Any CPU
		{2F25CB33-6726-4666-83E9-E79ECB59A156}.Release|Any CPU.ActiveCfg = Release|Any CPU
		{2F25CB33-6726-4666-83E9-E79ECB59A156}.Release|Any CPU.Build.0 = Release|Any CPU
		{70A4158B-17C4-4546-BDAA-38CAF35582D5}.Debug|Any CPU.ActiveCfg = Debug|Any CPU
		{70A4158B-17C4-4546-BDAA-38CAF35582D5}.Debug|Any CPU.Build.0 = Debug|Any CPU
		{70A4158B-17C4-4546-BDAA-38CAF35582D5}.Release|Any CPU.ActiveCfg = Release|Any CPU
		{70A4158B-17C4-4546-BDAA-38CAF35582D5}.Release|Any CPU.Build.0 = Release|Any CPU
		{71456354-CAB9-4310-B999-DE4A678C07F4}.Debug|Any CPU.ActiveCfg = Debug|Any CPU
		{71456354-CAB9-4310-B999-DE4A678C07F4}.Debug|Any CPU.Build.0 = Debug|Any CPU
		{71456354-CAB9-4310-B999-DE4A678C07F4}.Release|Any CPU.ActiveCfg = Release|Any CPU
		{71456354-CAB9-4310-B999-DE4A678C07F4}.Release|Any CPU.Build.0 = Release|Any CPU
		{7837A691-BC1A-421D-B0D8-E4B8A4157B6D}.Debug|Any CPU.ActiveCfg = Debug|Any CPU
		{7837A691-BC1A-421D-B0D8-E4B8A4157B6D}.Debug|Any CPU.Build.0 = Debug|Any CPU
		{7837A691-BC1A-421D-B0D8-E4B8A4157B6D}.Release|Any CPU.ActiveCfg = Release|Any CPU
		{7837A691-BC1A-421D-B0D8-E4B8A4157B6D}.Release|Any CPU.Build.0 = Release|Any CPU
		{77599DFE-58F2-4FA0-B4AE-CE9BE3207A65}.Debug|Any CPU.ActiveCfg = Debug|Any CPU
		{77599DFE-58F2-4FA0-B4AE-CE9BE3207A65}.Debug|Any CPU.Build.0 = Debug|Any CPU
		{77599DFE-58F2-4FA0-B4AE-CE9BE3207A65}.Release|Any CPU.ActiveCfg = Release|Any CPU
		{77599DFE-58F2-4FA0-B4AE-CE9BE3207A65}.Release|Any CPU.Build.0 = Release|Any CPU
		{2BB26412-EF57-49B3-92EF-3B3CC95E8DF2}.Debug|Any CPU.ActiveCfg = Debug|Any CPU
		{2BB26412-EF57-49B3-92EF-3B3CC95E8DF2}.Debug|Any CPU.Build.0 = Debug|Any CPU
		{2BB26412-EF57-49B3-92EF-3B3CC95E8DF2}.Release|Any CPU.ActiveCfg = Release|Any CPU
		{2BB26412-EF57-49B3-92EF-3B3CC95E8DF2}.Release|Any CPU.Build.0 = Release|Any CPU
		{A59A66CE-3943-44E6-A14B-7B2FAF8E29BA}.Debug|Any CPU.ActiveCfg = Debug|Any CPU
		{A59A66CE-3943-44E6-A14B-7B2FAF8E29BA}.Debug|Any CPU.Build.0 = Debug|Any CPU
		{A59A66CE-3943-44E6-A14B-7B2FAF8E29BA}.Release|Any CPU.ActiveCfg = Release|Any CPU
		{A59A66CE-3943-44E6-A14B-7B2FAF8E29BA}.Release|Any CPU.Build.0 = Release|Any CPU
		{3B0FFE00-8C82-4A33-8E48-2A1A8AA1E571}.Debug|Any CPU.ActiveCfg = Debug|Any CPU
		{3B0FFE00-8C82-4A33-8E48-2A1A8AA1E571}.Debug|Any CPU.Build.0 = Debug|Any CPU
		{3B0FFE00-8C82-4A33-8E48-2A1A8AA1E571}.Release|Any CPU.ActiveCfg = Release|Any CPU
		{3B0FFE00-8C82-4A33-8E48-2A1A8AA1E571}.Release|Any CPU.Build.0 = Release|Any CPU
		{FBB53539-27FE-462F-BAE5-233E6A554672}.Debug|Any CPU.ActiveCfg = Debug|Any CPU
		{FBB53539-27FE-462F-BAE5-233E6A554672}.Debug|Any CPU.Build.0 = Debug|Any CPU
		{FBB53539-27FE-462F-BAE5-233E6A554672}.Release|Any CPU.ActiveCfg = Release|Any CPU
		{FBB53539-27FE-462F-BAE5-233E6A554672}.Release|Any CPU.Build.0 = Release|Any CPU
		{7DA009C1-0559-4384-A9F9-2DBDF227F49A}.Debug|Any CPU.ActiveCfg = Debug|Any CPU
		{7DA009C1-0559-4384-A9F9-2DBDF227F49A}.Debug|Any CPU.Build.0 = Debug|Any CPU
		{7DA009C1-0559-4384-A9F9-2DBDF227F49A}.Release|Any CPU.ActiveCfg = Release|Any CPU
		{7DA009C1-0559-4384-A9F9-2DBDF227F49A}.Release|Any CPU.Build.0 = Release|Any CPU
		{58B35F21-3229-41AD-95D5-E5B25399E092}.Debug|Any CPU.ActiveCfg = Debug|Any CPU
		{58B35F21-3229-41AD-95D5-E5B25399E092}.Debug|Any CPU.Build.0 = Debug|Any CPU
		{58B35F21-3229-41AD-95D5-E5B25399E092}.Release|Any CPU.ActiveCfg = Release|Any CPU
		{58B35F21-3229-41AD-95D5-E5B25399E092}.Release|Any CPU.Build.0 = Release|Any CPU
	EndGlobalSection
	GlobalSection(SolutionProperties) = preSolution
		HideSolutionNode = FALSE
	EndGlobalSection
	GlobalSection(ExtensibilityGlobals) = postSolution
		SolutionGuid = {BE3C8DC6-DDA7-4E5D-94D2-3FC4793F6D09}
	EndGlobalSection
EndGlobal
